
Microsoft Visual Studio Solution File, Format Version 12.00
# Visual Studio Version 16
VisualStudioVersion = 16.0.30907.101
MinimumVisualStudioVersion = 10.0.40219.1
Project("{FAE04EC0-301F-11D3-BF4B-00C04F79EFBC}") = "ReportsManagementSystemForm", "ReportsManagementSystemForm\ReportsManagementSystemForm.csproj", "{E884D60D-1498-4336-AE02-697036097A43}"
EndProject
Global
	GlobalSection(SolutionConfigurationPlatforms) = preSolution
		Debug|Any CPU = Debug|Any CPU
		Release|Any CPU = Release|Any CPU
	EndGlobalSection
	GlobalSection(ProjectConfigurationPlatforms) = postSolution
		{E884D60D-1498-4336-AE02-697036097A43}.Debug|Any CPU.ActiveCfg = Debug|Any CPU
		{E884D60D-1498-4336-AE02-697036097A43}.Debug|Any CPU.Build.0 = Debug|Any CPU
		{E884D60D-1498-4336-AE02-697036097A43}.Release|Any CPU.ActiveCfg = Release|Any CPU
		{E884D60D-1498-4336-AE02-697036097A43}.Release|Any CPU.Build.0 = Release|Any CPU
	EndGlobalSection
	GlobalSection(SolutionProperties) = preSolution
		HideSolutionNode = FALSE
	EndGlobalSection
	GlobalSection(ExtensibilityGlobals) = postSolution
		SolutionGuid = {1C6557B9-04FC-4CDE-A77A-3FAF02A2E4FE}
	EndGlobalSection
	GlobalSection(TeamFoundationVersionControl) = preSolution
		SccNumberOfProjects = 2
		SccEnterpriseProvider = {4CA58AB2-18FA-4F8D-95D4-32DDF27D184C}
		SccTeamFoundationServer = http://tfs:8080/tfs/nkc_projects
		SccLocalPath0 = .
		SccProjectUniqueName1 = ReportsManagementSystemForm\\ReportsManagementSystemForm.csproj
		SccProjectName1 = ReportsManagementSystemForm
		SccLocalPath1 = ReportsManagementSystemForm
	EndGlobalSection
EndGlobal
